
Microsoft Visual Studio Solution File, Format Version 12.00
# Visual Studio Version 17
VisualStudioVersion = 17.3.32922.545
MinimumVisualStudioVersion = 10.0.40219.1
Project("{FAE04EC0-301F-11D3-BF4B-00C04F79EFBC}") = "oclock", "oclock\oclock.csproj", "{E59BA2D2-6826-4B48-9C18-2ECCC7603D01}"
EndProject
Global
	GlobalSection(SolutionConfigurationPlatforms) = preSolution
		Debug|Any CPU = Debug|Any CPU
		Release|Any CPU = Release|Any CPU
	EndGlobalSection
	GlobalSection(ProjectConfigurationPlatforms) = postSolution
		{E59BA2D2-6826-4B48-9C18-2ECCC7603D01}.Debug|Any CPU.ActiveCfg = Debug|Any CPU
		{E59BA2D2-6826-4B48-9C18-2ECCC7603D01}.Debug|Any CPU.Build.0 = Debug|Any CPU
		{E59BA2D2-6826-4B48-9C18-2ECCC7603D01}.Release|Any CPU.ActiveCfg = Release|Any CPU
		{E59BA2D2-6826-4B48-9C18-2ECCC7603D01}.Release|Any CPU.Build.0 = Release|Any CPU
	EndGlobalSection
	GlobalSection(SolutionProperties) = preSolution
		HideSolutionNode = FALSE
	EndGlobalSection
	GlobalSection(ExtensibilityGlobals) = postSolution
		SolutionGuid = {9055994A-EB73-44A8-938E-E815D06D36A0}
	EndGlobalSection
EndGlobal
